// !$*UTF8*$!
{
	archiveVersion = 1;
	classes = {
	};
	objectVersion = 56;
	objects = {

/* Begin PBXBuildFile section */
		1A0674D02A1A1C6F00E4FBC6 /* RestaurantInfoVC.swift in Sources */ = {isa = PBXBuildFile; fileRef = 1A0674CF2A1A1C6F00E4FBC6 /* RestaurantInfoVC.swift */; };
		2C150563F958E2911B25295D /* Pods_YOGIZIGI_iOS.framework in Frameworks */ = {isa = PBXBuildFile; fileRef = 99A9C6592C5D69EC260EBD24 /* Pods_YOGIZIGI_iOS.framework */; };
		7A5BC86329E2A97600BBC3B3 /* AppDelegate.swift in Sources */ = {isa = PBXBuildFile; fileRef = 7A5BC86229E2A97600BBC3B3 /* AppDelegate.swift */; };
		7A5BC86529E2A97600BBC3B3 /* SceneDelegate.swift in Sources */ = {isa = PBXBuildFile; fileRef = 7A5BC86429E2A97600BBC3B3 /* SceneDelegate.swift */; };
		7A5BC86729E2A97600BBC3B3 /* ViewController.swift in Sources */ = {isa = PBXBuildFile; fileRef = 7A5BC86629E2A97600BBC3B3 /* ViewController.swift */; };
		7A5BC86C29E2A97800BBC3B3 /* Assets.xcassets in Resources */ = {isa = PBXBuildFile; fileRef = 7A5BC86B29E2A97800BBC3B3 /* Assets.xcassets */; };
/* End PBXBuildFile section */

/* Begin PBXFileReference section */
		1A0674CF2A1A1C6F00E4FBC6 /* RestaurantInfoVC.swift */ = {isa = PBXFileReference; lastKnownFileType = sourcecode.swift; path = RestaurantInfoVC.swift; sourceTree = "<group>"; };
		2A0F99D9A92FC17F44185EF1 /* Pods-YOGIZIGI_iOS.release.xcconfig */ = {isa = PBXFileReference; includeInIndex = 1; lastKnownFileType = text.xcconfig; name = "Pods-YOGIZIGI_iOS.release.xcconfig"; path = "Target Support Files/Pods-YOGIZIGI_iOS/Pods-YOGIZIGI_iOS.release.xcconfig"; sourceTree = "<group>"; };
		795C921A8ECE898874F15048 /* Pods-YOGIZIGI_iOS.debug.xcconfig */ = {isa = PBXFileReference; includeInIndex = 1; lastKnownFileType = text.xcconfig; name = "Pods-YOGIZIGI_iOS.debug.xcconfig"; path = "Target Support Files/Pods-YOGIZIGI_iOS/Pods-YOGIZIGI_iOS.debug.xcconfig"; sourceTree = "<group>"; };
		7A5BC85F29E2A97600BBC3B3 /* YOGIZIGI_iOS.app */ = {isa = PBXFileReference; explicitFileType = wrapper.application; includeInIndex = 0; path = YOGIZIGI_iOS.app; sourceTree = BUILT_PRODUCTS_DIR; };
		7A5BC86229E2A97600BBC3B3 /* AppDelegate.swift */ = {isa = PBXFileReference; lastKnownFileType = sourcecode.swift; path = AppDelegate.swift; sourceTree = "<group>"; };
		7A5BC86429E2A97600BBC3B3 /* SceneDelegate.swift */ = {isa = PBXFileReference; lastKnownFileType = sourcecode.swift; path = SceneDelegate.swift; sourceTree = "<group>"; };
		7A5BC86629E2A97600BBC3B3 /* ViewController.swift */ = {isa = PBXFileReference; lastKnownFileType = sourcecode.swift; path = ViewController.swift; sourceTree = "<group>"; };
		7A5BC86B29E2A97800BBC3B3 /* Assets.xcassets */ = {isa = PBXFileReference; lastKnownFileType = folder.assetcatalog; path = Assets.xcassets; sourceTree = "<group>"; };
		7A5BC87029E2A97800BBC3B3 /* Info.plist */ = {isa = PBXFileReference; lastKnownFileType = text.plist.xml; path = Info.plist; sourceTree = "<group>"; };
		99A9C6592C5D69EC260EBD24 /* Pods_YOGIZIGI_iOS.framework */ = {isa = PBXFileReference; explicitFileType = wrapper.framework; includeInIndex = 0; path = Pods_YOGIZIGI_iOS.framework; sourceTree = BUILT_PRODUCTS_DIR; };
/* End PBXFileReference section */

/* Begin PBXFrameworksBuildPhase section */
		7A5BC85C29E2A97600BBC3B3 /* Frameworks */ = {
			isa = PBXFrameworksBuildPhase;
			buildActionMask = 2147483647;
			files = (
				2C150563F958E2911B25295D /* Pods_YOGIZIGI_iOS.framework in Frameworks */,
			);
			runOnlyForDeploymentPostprocessing = 0;
		};
/* End PBXFrameworksBuildPhase section */

/* Begin PBXGroup section */
		7A5BC85629E2A97600BBC3B3 = {
			isa = PBXGroup;
			children = (
				7A5BC86129E2A97600BBC3B3 /* YOGIZIGI_iOS */,
				7A5BC86029E2A97600BBC3B3 /* Products */,
				F98DD4B4EDCDCFD047717E4B /* Pods */,
				82858691C38780C469AFE2DB /* Frameworks */,
			);
			sourceTree = "<group>";
		};
		7A5BC86029E2A97600BBC3B3 /* Products */ = {
			isa = PBXGroup;
			children = (
				7A5BC85F29E2A97600BBC3B3 /* YOGIZIGI_iOS.app */,
			);
			name = Products;
			sourceTree = "<group>";
		};
		7A5BC86129E2A97600BBC3B3 /* YOGIZIGI_iOS */ = {
			isa = PBXGroup;
			children = (
				7A5BC87A29E2B1DB00BBC3B3 /* Controllers */,
				7A5BC87829E2B1B600BBC3B3 /* Models */,
				7A5BC87729E2B1AA00BBC3B3 /* ViewModels */,
				7A5BC87929E2B1CB00BBC3B3 /* Services */,
				7A5BC87629E2B1A500BBC3B3 /* Cells */,
				7A5BC86229E2A97600BBC3B3 /* AppDelegate.swift */,
				7A5BC86429E2A97600BBC3B3 /* SceneDelegate.swift */,
				7A5BC86B29E2A97800BBC3B3 /* Assets.xcassets */,
				7A5BC87029E2A97800BBC3B3 /* Info.plist */,
			);
			path = YOGIZIGI_iOS;
			sourceTree = "<group>";
		};
		7A5BC87629E2B1A500BBC3B3 /* Cells */ = {
			isa = PBXGroup;
			children = (
			);
			path = Cells;
			sourceTree = "<group>";
		};
		7A5BC87729E2B1AA00BBC3B3 /* ViewModels */ = {
			isa = PBXGroup;
			children = (
			);
			path = ViewModels;
			sourceTree = "<group>";
		};
		7A5BC87829E2B1B600BBC3B3 /* Models */ = {
			isa = PBXGroup;
			children = (
			);
			path = Models;
			sourceTree = "<group>";
		};
		7A5BC87929E2B1CB00BBC3B3 /* Services */ = {
			isa = PBXGroup;
			children = (
			);
			path = Services;
			sourceTree = "<group>";
		};
		7A5BC87A29E2B1DB00BBC3B3 /* Controllers */ = {
			isa = PBXGroup;
			children = (
				7A5BC86629E2A97600BBC3B3 /* ViewController.swift */,
				1A0674CF2A1A1C6F00E4FBC6 /* RestaurantInfoVC.swift */,
			);
			path = Controllers;
			sourceTree = "<group>";
		};
		82858691C38780C469AFE2DB /* Frameworks */ = {
			isa = PBXGroup;
			children = (
				99A9C6592C5D69EC260EBD24 /* Pods_YOGIZIGI_iOS.framework */,
			);
			name = Frameworks;
			sourceTree = "<group>";
		};
		F98DD4B4EDCDCFD047717E4B /* Pods */ = {
			isa = PBXGroup;
			children = (
				795C921A8ECE898874F15048 /* Pods-YOGIZIGI_iOS.debug.xcconfig */,
				2A0F99D9A92FC17F44185EF1 /* Pods-YOGIZIGI_iOS.release.xcconfig */,
			);
			path = Pods;
			sourceTree = "<group>";
		};
/* End PBXGroup section */

/* Begin PBXNativeTarget section */
		7A5BC85E29E2A97600BBC3B3 /* YOGIZIGI_iOS */ = {
			isa = PBXNativeTarget;
			buildConfigurationList = 7A5BC87329E2A97800BBC3B3 /* Build configuration list for PBXNativeTarget "YOGIZIGI_iOS" */;
			buildPhases = (
				5DE908012720364981E84F6E /* [CP] Check Pods Manifest.lock */,
				7A5BC85B29E2A97600BBC3B3 /* Sources */,
				7A5BC85C29E2A97600BBC3B3 /* Frameworks */,
				7A5BC85D29E2A97600BBC3B3 /* Resources */,
				70482203DC63A49CC6348905 /* [CP] Embed Pods Frameworks */,
			);
			buildRules = (
			);
			dependencies = (
			);
			name = YOGIZIGI_iOS;
			productName = YOGIZIGI_iOS;
			productReference = 7A5BC85F29E2A97600BBC3B3 /* YOGIZIGI_iOS.app */;
			productType = "com.apple.product-type.application";
		};
/* End PBXNativeTarget section */

/* Begin PBXProject section */
		7A5BC85729E2A97600BBC3B3 /* Project object */ = {
			isa = PBXProject;
			attributes = {
				BuildIndependentTargetsInParallel = 1;
				LastSwiftUpdateCheck = 1420;
				LastUpgradeCheck = 1420;
				TargetAttributes = {
					7A5BC85E29E2A97600BBC3B3 = {
						CreatedOnToolsVersion = 14.2;
					};
				};
			};
			buildConfigurationList = 7A5BC85A29E2A97600BBC3B3 /* Build configuration list for PBXProject "YOGIZIGI_iOS" */;
			compatibilityVersion = "Xcode 14.0";
			developmentRegion = en;
			hasScannedForEncodings = 0;
			knownRegions = (
				en,
				Base,
			);
			mainGroup = 7A5BC85629E2A97600BBC3B3;
			productRefGroup = 7A5BC86029E2A97600BBC3B3 /* Products */;
			projectDirPath = "";
			projectRoot = "";
			targets = (
				7A5BC85E29E2A97600BBC3B3 /* YOGIZIGI_iOS */,
			);
		};
/* End PBXProject section */

/* Begin PBXResourcesBuildPhase section */
		7A5BC85D29E2A97600BBC3B3 /* Resources */ = {
			isa = PBXResourcesBuildPhase;
			buildActionMask = 2147483647;
			files = (
				7A5BC86C29E2A97800BBC3B3 /* Assets.xcassets in Resources */,
			);
			runOnlyForDeploymentPostprocessing = 0;
		};
/* End PBXResourcesBuildPhase section */

/* Begin PBXShellScriptBuildPhase section */
		5DE908012720364981E84F6E /* [CP] Check Pods Manifest.lock */ = {
			isa = PBXShellScriptBuildPhase;
			buildActionMask = 2147483647;
			files = (
			);
			inputFileListPaths = (
			);
			inputPaths = (
				"${PODS_PODFILE_DIR_PATH}/Podfile.lock",
				"${PODS_ROOT}/Manifest.lock",
			);
			name = "[CP] Check Pods Manifest.lock";
			outputFileListPaths = (
			);
			outputPaths = (
				"$(DERIVED_FILE_DIR)/Pods-YOGIZIGI_iOS-checkManifestLockResult.txt",
			);
			runOnlyForDeploymentPostprocessing = 0;
			shellPath = /bin/sh;
			shellScript = "diff \"${PODS_PODFILE_DIR_PATH}/Podfile.lock\" \"${PODS_ROOT}/Manifest.lock\" > /dev/null\nif [ $? != 0 ] ; then\n    # print error to STDERR\n    echo \"error: The sandbox is not in sync with the Podfile.lock. Run 'pod install' or update your CocoaPods installation.\" >&2\n    exit 1\nfi\n# This output is used by Xcode 'outputs' to avoid re-running this script phase.\necho \"SUCCESS\" > \"${SCRIPT_OUTPUT_FILE_0}\"\n";
			showEnvVarsInLog = 0;
		};
		70482203DC63A49CC6348905 /* [CP] Embed Pods Frameworks */ = {
			isa = PBXShellScriptBuildPhase;
			buildActionMask = 2147483647;
			files = (
			);
			inputFileListPaths = (
				"${PODS_ROOT}/Target Support Files/Pods-YOGIZIGI_iOS/Pods-YOGIZIGI_iOS-frameworks-${CONFIGURATION}-input-files.xcfilelist",
			);
			name = "[CP] Embed Pods Frameworks";
			outputFileListPaths = (
				"${PODS_ROOT}/Target Support Files/Pods-YOGIZIGI_iOS/Pods-YOGIZIGI_iOS-frameworks-${CONFIGURATION}-output-files.xcfilelist",
			);
			runOnlyForDeploymentPostprocessing = 0;
			shellPath = /bin/sh;
			shellScript = "\"${PODS_ROOT}/Target Support Files/Pods-YOGIZIGI_iOS/Pods-YOGIZIGI_iOS-frameworks.sh\"\n";
			showEnvVarsInLog = 0;
		};
/* End PBXShellScriptBuildPhase section */

/* Begin PBXSourcesBuildPhase section */
		7A5BC85B29E2A97600BBC3B3 /* Sources */ = {
			isa = PBXSourcesBuildPhase;
			buildActionMask = 2147483647;
			files = (
				7A5BC86729E2A97600BBC3B3 /* ViewController.swift in Sources */,
				7A5BC86329E2A97600BBC3B3 /* AppDelegate.swift in Sources */,
				7A5BC86529E2A97600BBC3B3 /* SceneDelegate.swift in Sources */,
				1A0674D02A1A1C6F00E4FBC6 /* RestaurantInfoVC.swift in Sources */,
			);
			runOnlyForDeploymentPostprocessing = 0;
		};
/* End PBXSourcesBuildPhase section */

/* Begin XCBuildConfiguration section */
		7A5BC87129E2A97800BBC3B3 /* Debug */ = {
			isa = XCBuildConfiguration;
			buildSettings = {
				ALWAYS_SEARCH_USER_PATHS = NO;
				CLANG_ANALYZER_NONNULL = YES;
				CLANG_ANALYZER_NUMBER_OBJECT_CONVERSION = YES_AGGRESSIVE;
				CLANG_CXX_LANGUAGE_STANDARD = "gnu++20";
				CLANG_ENABLE_MODULES = YES;
				CLANG_ENABLE_OBJC_ARC = YES;
				CLANG_ENABLE_OBJC_WEAK = YES;
				CLANG_WARN_BLOCK_CAPTURE_AUTORELEASING = YES;
				CLANG_WARN_BOOL_CONVERSION = YES;
				CLANG_WARN_COMMA = YES;
				CLANG_WARN_CONSTANT_CONVERSION = YES;
				CLANG_WARN_DEPRECATED_OBJC_IMPLEMENTATIONS = YES;
				CLANG_WARN_DIRECT_OBJC_ISA_USAGE = YES_ERROR;
				CLANG_WARN_DOCUMENTATION_COMMENTS = YES;
				CLANG_WARN_EMPTY_BODY = YES;
				CLANG_WARN_ENUM_CONVERSION = YES;
				CLANG_WARN_INFINITE_RECURSION = YES;
				CLANG_WARN_INT_CONVERSION = YES;
				CLANG_WARN_NON_LITERAL_NULL_CONVERSION = YES;
				CLANG_WARN_OBJC_IMPLICIT_RETAIN_SELF = YES;
				CLANG_WARN_OBJC_LITERAL_CONVERSION = YES;
				CLANG_WARN_OBJC_ROOT_CLASS = YES_ERROR;
				CLANG_WARN_QUOTED_INCLUDE_IN_FRAMEWORK_HEADER = YES;
				CLANG_WARN_RANGE_LOOP_ANALYSIS = YES;
				CLANG_WARN_STRICT_PROTOTYPES = YES;
				CLANG_WARN_SUSPICIOUS_MOVE = YES;
				CLANG_WARN_UNGUARDED_AVAILABILITY = YES_AGGRESSIVE;
				CLANG_WARN_UNREACHABLE_CODE = YES;
				CLANG_WARN__DUPLICATE_METHOD_MATCH = YES;
				COPY_PHASE_STRIP = NO;
				DEBUG_INFORMATION_FORMAT = dwarf;
				ENABLE_STRICT_OBJC_MSGSEND = YES;
				ENABLE_TESTABILITY = YES;
				GCC_C_LANGUAGE_STANDARD = gnu11;
				GCC_DYNAMIC_NO_PIC = NO;
				GCC_NO_COMMON_BLOCKS = YES;
				GCC_OPTIMIZATION_LEVEL = 0;
				GCC_PREPROCESSOR_DEFINITIONS = (
					"DEBUG=1",
					"$(inherited)",
				);
				GCC_WARN_64_TO_32_BIT_CONVERSION = YES;
				GCC_WARN_ABOUT_RETURN_TYPE = YES_ERROR;
				GCC_WARN_UNDECLARED_SELECTOR = YES;
				GCC_WARN_UNINITIALIZED_AUTOS = YES_AGGRESSIVE;
				GCC_WARN_UNUSED_FUNCTION = YES;
				GCC_WARN_UNUSED_VARIABLE = YES;
				IPHONEOS_DEPLOYMENT_TARGET = 16.2;
				MTL_ENABLE_DEBUG_INFO = INCLUDE_SOURCE;
				MTL_FAST_MATH = YES;
				ONLY_ACTIVE_ARCH = YES;
				SDKROOT = iphoneos;
				SWIFT_ACTIVE_COMPILATION_CONDITIONS = DEBUG;
				SWIFT_OPTIMIZATION_LEVEL = "-Onone";
			};
			name = Debug;
		};
		7A5BC87229E2A97800BBC3B3 /* Release */ = {
			isa = XCBuildConfiguration;
			buildSettings = {
				ALWAYS_SEARCH_USER_PATHS = NO;
				CLANG_ANALYZER_NONNULL = YES;
				CLANG_ANALYZER_NUMBER_OBJECT_CONVERSION = YES_AGGRESSIVE;
				CLANG_CXX_LANGUAGE_STANDARD = "gnu++20";
				CLANG_ENABLE_MODULES = YES;
				CLANG_ENABLE_OBJC_ARC = YES;
				CLANG_ENABLE_OBJC_WEAK = YES;
				CLANG_WARN_BLOCK_CAPTURE_AUTORELEASING = YES;
				CLANG_WARN_BOOL_CONVERSION = YES;
				CLANG_WARN_COMMA = YES;
				CLANG_WARN_CONSTANT_CONVERSION = YES;
				CLANG_WARN_DEPRECATED_OBJC_IMPLEMENTATIONS = YES;
				CLANG_WARN_DIRECT_OBJC_ISA_USAGE = YES_ERROR;
				CLANG_WARN_DOCUMENTATION_COMMENTS = YES;
				CLANG_WARN_EMPTY_BODY = YES;
				CLANG_WARN_ENUM_CONVERSION = YES;
				CLANG_WARN_INFINITE_RECURSION = YES;
				CLANG_WARN_INT_CONVERSION = YES;
				CLANG_WARN_NON_LITERAL_NULL_CONVERSION = YES;
				CLANG_WARN_OBJC_IMPLICIT_RETAIN_SELF = YES;
				CLANG_WARN_OBJC_LITERAL_CONVERSION = YES;
				CLANG_WARN_OBJC_ROOT_CLASS = YES_ERROR;
				CLANG_WARN_QUOTED_INCLUDE_IN_FRAMEWORK_HEADER = YES;
				CLANG_WARN_RANGE_LOOP_ANALYSIS = YES;
				CLANG_WARN_STRICT_PROTOTYPES = YES;
				CLANG_WARN_SUSPICIOUS_MOVE = YES;
				CLANG_WARN_UNGUARDED_AVAILABILITY = YES_AGGRESSIVE;
				CLANG_WARN_UNREACHABLE_CODE = YES;
				CLANG_WARN__DUPLICATE_METHOD_MATCH = YES;
				COPY_PHASE_STRIP = NO;
				DEBUG_INFORMATION_FORMAT = "dwarf-with-dsym";
				ENABLE_NS_ASSERTIONS = NO;
				ENABLE_STRICT_OBJC_MSGSEND = YES;
				GCC_C_LANGUAGE_STANDARD = gnu11;
				GCC_NO_COMMON_BLOCKS = YES;
				GCC_WARN_64_TO_32_BIT_CONVERSION = YES;
				GCC_WARN_ABOUT_RETURN_TYPE = YES_ERROR;
				GCC_WARN_UNDECLARED_SELECTOR = YES;
				GCC_WARN_UNINITIALIZED_AUTOS = YES_AGGRESSIVE;
				GCC_WARN_UNUSED_FUNCTION = YES;
				GCC_WARN_UNUSED_VARIABLE = YES;
				IPHONEOS_DEPLOYMENT_TARGET = 16.2;
				MTL_ENABLE_DEBUG_INFO = NO;
				MTL_FAST_MATH = YES;
				SDKROOT = iphoneos;
				SWIFT_COMPILATION_MODE = wholemodule;
				SWIFT_OPTIMIZATION_LEVEL = "-O";
				VALIDATE_PRODUCT = YES;
			};
			name = Release;
		};
		7A5BC87429E2A97800BBC3B3 /* Debug */ = {
			isa = XCBuildConfiguration;
			baseConfigurationReference = 795C921A8ECE898874F15048 /* Pods-YOGIZIGI_iOS.debug.xcconfig */;
			buildSettings = {
				ASSETCATALOG_COMPILER_APPICON_NAME = AppIcon;
				ASSETCATALOG_COMPILER_GLOBAL_ACCENT_COLOR_NAME = AccentColor;
				CODE_SIGN_STYLE = Automatic;
				CURRENT_PROJECT_VERSION = 1;
				DEVELOPMENT_TEAM = Y7V766KDKR;
				GENERATE_INFOPLIST_FILE = YES;
				INFOPLIST_FILE = YOGIZIGI_iOS/Info.plist;
				INFOPLIST_KEY_UIApplicationSupportsIndirectInputEvents = YES;
				INFOPLIST_KEY_UILaunchStoryboardName = LaunchScreen;
				INFOPLIST_KEY_UIMainStoryboardFile = "";
				INFOPLIST_KEY_UISupportedInterfaceOrientations_iPad = "UIInterfaceOrientationPortrait UIInterfaceOrientationPortraitUpsideDown UIInterfaceOrientationLandscapeLeft UIInterfaceOrientationLandscapeRight";
				INFOPLIST_KEY_UISupportedInterfaceOrientations_iPhone = "UIInterfaceOrientationPortrait UIInterfaceOrientationLandscapeLeft UIInterfaceOrientationLandscapeRight";
				LD_RUNPATH_SEARCH_PATHS = (
					"$(inherited)",
					"@executable_path/Frameworks",
				);
				MARKETING_VERSION = 1.0;
				PRODUCT_BUNDLE_IDENTIFIER = "com.Heize.YOGIZIGI-iOS";
				PRODUCT_NAME = "$(TARGET_NAME)";
				SWIFT_EMIT_LOC_STRINGS = YES;
				SWIFT_VERSION = 5.0;
				TARGETED_DEVICE_FAMILY = "1,2";
			};
			name = Debug;
		};
		7A5BC87529E2A97800BBC3B3 /* Release */ = {
			isa = XCBuildConfiguration;
			baseConfigurationReference = 2A0F99D9A92FC17F44185EF1 /* Pods-YOGIZIGI_iOS.release.xcconfig */;
			buildSettings = {
				ASSETCATALOG_COMPILER_APPICON_NAME = AppIcon;
				ASSETCATALOG_COMPILER_GLOBAL_ACCENT_COLOR_NAME = AccentColor;
				CODE_SIGN_STYLE = Automatic;
				CURRENT_PROJECT_VERSION = 1;
				DEVELOPMENT_TEAM = Y7V766KDKR;
				GENERATE_INFOPLIST_FILE = YES;
				INFOPLIST_FILE = YOGIZIGI_iOS/Info.plist;
				INFOPLIST_KEY_UIApplicationSupportsIndirectInputEvents = YES;
				INFOPLIST_KEY_UILaunchStoryboardName = LaunchScreen;
				INFOPLIST_KEY_UIMainStoryboardFile = "";
				INFOPLIST_KEY_UISupportedInterfaceOrientations_iPad = "UIInterfaceOrientationPortrait UIInterfaceOrientationPortraitUpsideDown UIInterfaceOrientationLandscapeLeft UIInterfaceOrientationLandscapeRight";
				INFOPLIST_KEY_UISupportedInterfaceOrientations_iPhone = "UIInterfaceOrientationPortrait UIInterfaceOrientationLandscapeLeft UIInterfaceOrientationLandscapeRight";
				LD_RUNPATH_SEARCH_PATHS = (
					"$(inherited)",
					"@executable_path/Frameworks",
				);
				MARKETING_VERSION = 1.0;
				PRODUCT_BUNDLE_IDENTIFIER = "com.Heize.YOGIZIGI-iOS";
				PRODUCT_NAME = "$(TARGET_NAME)";
				SWIFT_EMIT_LOC_STRINGS = YES;
				SWIFT_VERSION = 5.0;
				TARGETED_DEVICE_FAMILY = "1,2";
			};
			name = Release;
		};
/* End XCBuildConfiguration section */

/* Begin XCConfigurationList section */
		7A5BC85A29E2A97600BBC3B3 /* Build configuration list for PBXProject "YOGIZIGI_iOS" */ = {
			isa = XCConfigurationList;
			buildConfigurations = (
				7A5BC87129E2A97800BBC3B3 /* Debug */,
				7A5BC87229E2A97800BBC3B3 /* Release */,
			);
			defaultConfigurationIsVisible = 0;
			defaultConfigurationName = Release;
		};
		7A5BC87329E2A97800BBC3B3 /* Build configuration list for PBXNativeTarget "YOGIZIGI_iOS" */ = {
			isa = XCConfigurationList;
			buildConfigurations = (
				7A5BC87429E2A97800BBC3B3 /* Debug */,
				7A5BC87529E2A97800BBC3B3 /* Release */,
			);
			defaultConfigurationIsVisible = 0;
			defaultConfigurationName = Release;
		};
/* End XCConfigurationList section */
	};
	rootObject = 7A5BC85729E2A97600BBC3B3 /* Project object */;
}
